
Microsoft Visual Studio Solution File, Format Version 12.00
# Visual Studio Version 16
VisualStudioVersion = 16.0.29926.136
MinimumVisualStudioVersion = 10.0.40219.1
Project("{FAE04EC0-301F-11D3-BF4B-00C04F79EFBC}") = "currency-to-word-conversion.client", "currency-to-word-conversion.client.csproj", "{FED0E898-6622-4383-9C48-C23D48D9C4B3}"
EndProject
Global
	GlobalSection(SolutionConfigurationPlatforms) = preSolution
		Debug|Any CPU = Debug|Any CPU
		Release|Any CPU = Release|Any CPU
	EndGlobalSection
	GlobalSection(ProjectConfigurationPlatforms) = postSolution
		{FED0E898-6622-4383-9C48-C23D48D9C4B3}.Debug|Any CPU.ActiveCfg = Debug|Any CPU
		{FED0E898-6622-4383-9C48-C23D48D9C4B3}.Debug|Any CPU.Build.0 = Debug|Any CPU
		{FED0E898-6622-4383-9C48-C23D48D9C4B3}.Release|Any CPU.ActiveCfg = Release|Any CPU
		{FED0E898-6622-4383-9C48-C23D48D9C4B3}.Release|Any CPU.Build.0 = Release|Any CPU
	EndGlobalSection
	GlobalSection(SolutionProperties) = preSolution
		HideSolutionNode = FALSE
	EndGlobalSection
	GlobalSection(ExtensibilityGlobals) = postSolution
		SolutionGuid = {EF92B849-FEC8-4B31-A8FC-62C28CAD18A2}
	EndGlobalSection
EndGlobal
